
Microsoft Visual Studio Solution File, Format Version 11.00
# Visual Studio 2010
Project("{FAE04EC0-301F-11D3-BF4B-00C04F79EFBC}") = "testLibGesper", "testLibGesper\testLibGesper.csproj", "{32FBB835-FDC8-43F6-941E-6A07A24867ED}"
EndProject
Global
	GlobalSection(SolutionConfigurationPlatforms) = preSolution
		Debug|x86 = Debug|x86
		Release|x86 = Release|x86
	EndGlobalSection
	GlobalSection(ProjectConfigurationPlatforms) = postSolution
		{32FBB835-FDC8-43F6-941E-6A07A24867ED}.Debug|x86.ActiveCfg = Debug|x86
		{32FBB835-FDC8-43F6-941E-6A07A24867ED}.Debug|x86.Build.0 = Debug|x86
		{32FBB835-FDC8-43F6-941E-6A07A24867ED}.Release|x86.ActiveCfg = Release|x86
		{32FBB835-FDC8-43F6-941E-6A07A24867ED}.Release|x86.Build.0 = Release|x86
	EndGlobalSection
	GlobalSection(SolutionProperties) = preSolution
		HideSolutionNode = FALSE
	EndGlobalSection
EndGlobal
